{
  "name": "supernote-emacs-renderer",
  "version": "0.1.0",
  "lockfileVersion": 3,
  "requires": true,
  "packages": {
    "": {
      "name": "supernote-emacs-renderer",
      "version": "0.1.0",
      "license": "GPL-3.0-or-later",
      "dependencies": {
        "image-js": "1.7.0",
        "supernote-typescript": "0.7.1"
      },
      "bin": {
        "supernote-render": "bin/supernote-render.mjs"
      },
      "engines": {
        "node": ">=18.17"
      }
    },
    "node_modules/@pdf-lib/fontkit": {
      "version": "1.1.1",
      "resolved": "https://registry.npmjs.org/@pdf-lib/fontkit/-/fontkit-1.1.1.tgz",
      "integrity": "sha512-KjMd7grNapIWS/Dm0gvfHEilSyAmeLvrEGVcqLGi0VYebuqqzTbgF29efCx7tvx+IEbG3zQciRSWl3GkUSvjZg==",
      "license": "MIT",
      "dependencies": {
        "pako": "^1.0.6"
      }
    },
    "node_modules/@pdf-lib/standard-fonts": {
      "version": "1.0.0",
      "resolved": "https://registry.npmjs.org/@pdf-lib/standard-fonts/-/standard-fonts-1.0.0.tgz",
      "integrity": "sha512-hU30BK9IUN/su0Mn9VdlVKsWBS6GyhVfqjwl1FjZN4TxP6cCw0jP2w7V3Hf5uX7M0AZJ16vey9yE0ny7Sa59ZA==",
      "license": "MIT",
      "dependencies": {
        "pako": "^1.0.6"
      }
    },
    "node_modules/@pdf-lib/upng": {
      "version": "1.0.1",
      "resolved": "https://registry.npmjs.org/@pdf-lib/upng/-/upng-1.0.1.tgz",
      "integrity": "sha512-dQK2FUMQtowVP00mtIksrlZhdFXQZPC+taih1q4CvPZ5vqdxR/LKBaFg0oAfzd1GlHZXXSPdQfzQnt+ViGvEIQ==",
      "license": "MIT",
      "dependencies": {
        "pako": "^1.0.10"
      }
    },
    "node_modules/agent-base": {
      "version": "7.1.4",
      "resolved": "https://registry.npmjs.org/agent-base/-/agent-base-7.1.4.tgz",
      "integrity": "sha512-MnA+YT8fwfJPgBx3m60MNqakm30XOkyIoH1y6huTQvC0PwZG7ki8NacLBcrPbNoo8vEZy7Jpuk7+jMO+CUovTQ==",
      "license": "MIT",
      "optional": true,
      "engines": {
        "node": ">= 14"
      }
    },
    "node_modules/binary-search": {
      "version": "1.3.6",
      "resolved": "https://registry.npmjs.org/binary-search/-/binary-search-1.3.6.tgz",
      "integrity": "sha512-nbE1WxOTTrUWIfsfZ4aHGYu5DOuNkbxGokjV6Z2kxfJK3uaAb8zNK1muzOeipoLHZjInT4Br88BHpzevc681xA==",
      "license": "CC0-1.0"
    },
    "node_modules/bresenham-zingl": {
      "version": "0.2.8",
      "resolved": "https://registry.npmjs.org/bresenham-zingl/-/bresenham-zingl-0.2.8.tgz",
      "integrity": "sha512-AaC4k7+pHgbzlK4fb+l3/fXJd1CbQwhqE5oIoLaknVojyXQv79einSR+fWLR1yCJWOh46v+lLsFRMxHlea8Q5A==",
      "license": "MIT"
    },
    "node_modules/cheminfo-types": {
      "version": "1.16.0",
      "resolved": "https://registry.npmjs.org/cheminfo-types/-/cheminfo-types-1.16.0.tgz",
      "integrity": "sha512-j0MiXFnLRVEZg3vUr7SXm6F3HuDNVE5arfQyDMiy1w2fAcuOs3QRgVsw7aOIACvr0aqbvn85cucwt+yOu64IiQ==",
      "license": "MIT"
    },
    "node_modules/color": {
      "version": "5.0.3",
      "resolved": "https://registry.npmjs.org/color/-/color-5.0.3.tgz",
      "integrity": "sha512-ezmVcLR3xAVp8kYOm4GS45ZLLgIE6SPAFoduLr6hTDajwb3KZ2F46gulK3XpcwRFb5KKGCSezCBAY4Dw4HsyXA==",
      "license": "MIT",
      "dependencies": {
        "color-convert": "^3.1.3",
        "color-string": "^2.1.3"
      },
      "engines": {
        "node": ">=18"
      }
    },
    "node_modules/color-convert": {
      "version": "3.1.3",
      "resolved": "https://registry.npmjs.org/color-convert/-/color-convert-3.1.3.tgz",
      "integrity": "sha512-fasDH2ont2GqF5HpyO4w0+BcewlhHEZOFn9c1ckZdHpJ56Qb7MHhH/IcJZbBGgvdtwdwNbLvxiBEdg336iA9Sg==",
      "license": "MIT",
      "dependencies": {
        "color-name": "^2.0.0"
      },
      "engines": {
        "node": ">=14.6"
      }
    },
    "node_modules/color-name": {
      "version": "2.1.1",
      "resolved": "https://registry.npmjs.org/color-name/-/color-name-2.1.1.tgz",
      "integrity": "sha512-p2FdgwVx1a9yWBHP2wI0VgShkDpgN4kZISkxdNipGBJWpa5G6b04OINlVWCyJj0JmfvcPrgqt95E9k8yvaOJFg==",
      "license": "MIT",
      "engines": {
        "node": ">=12.20"
      }
    },
    "node_modules/color-string": {
      "version": "2.1.4",
      "resolved": "https://registry.npmjs.org/color-string/-/color-string-2.1.4.tgz",
      "integrity": "sha512-Bb6Cq8oq0IjDOe8wJmi4JeNn763Xs9cfrBcaylK1tPypWzyoy2G3l90v9k64kjphl/ZJjPIShFztenRomi8WTg==",
      "license": "MIT",
      "dependencies": {
        "color-name": "^2.0.0"
      },
      "engines": {
        "node": ">=18"
      }
    },
    "node_modules/colord": {
      "version": "2.10.0",
      "resolved": "https://registry.npmjs.org/colord/-/colord-2.10.0.tgz",
      "integrity": "sha512-AidJptpBJmjTclAp9BkLwJi0T93fo5epJnbaZslpg6QVzpHjAiveF55mE9AcUJiGMqRHgMDY8soMsQtuNYMHfw==",
      "license": "MIT"
    },
    "node_modules/debug": {
      "version": "4.4.3",
      "resolved": "https://registry.npmjs.org/debug/-/debug-4.4.3.tgz",
      "integrity": "sha512-RGwwWnwQvkVfavKVt22FGLw+xYSdzARwm0ru6DhTVA3umU5hZc28V3kO4stgYryrTlLpuvgI9GiijltAjNbcqA==",
      "license": "MIT",
      "optional": true,
      "dependencies": {
        "ms": "^2.1.3"
      },
      "engines": {
        "node": ">=6.0"
      },
      "peerDependenciesMeta": {
        "supports-color": {
          "optional": true
        }
      }
    },
    "node_modules/detect-libc": {
      "version": "2.1.2",
      "resolved": "https://registry.npmjs.org/detect-libc/-/detect-libc-2.1.2.tgz",
      "integrity": "sha512-Btj2BOOO83o3WyH59e8MgXsxEQVcarkUOpEYrubB0urwnN10yQ364rsiByU11nZlqWYZm05i/of7io4mzihBtQ==",
      "license": "Apache-2.0",
      "optional": true,
      "engines": {
        "node": ">=8"
      }
    },
    "node_modules/fast-bmp": {
      "version": "4.0.1",
      "resolved": "https://registry.npmjs.org/fast-bmp/-/fast-bmp-4.0.1.tgz",
      "integrity": "sha512-+KtMijJj+uA8Sl6EXAnhza7US7EXSY5Z9NeiJwT1wopVUksyLMXL5iFmn9FjY8FdkstOkpJI9RuEVXkGpIPSwg==",
      "license": "MIT",
      "dependencies": {
        "iobuffer": "^6.0.0"
      }
    },
    "node_modules/fast-jpeg": {
      "version": "3.0.1",
      "resolved": "https://registry.npmjs.org/fast-jpeg/-/fast-jpeg-3.0.1.tgz",
      "integrity": "sha512-1r4CO4rgRY1CeqaHlXVBPhdGC+rbNwWFJvV9s3HTUC+svqTE7hC1cEH9srp5MPgAmhDdsZ/WtU3WGM8zVobFCA==",
      "license": "MIT",
      "dependencies": {
        "iobuffer": "^6.0.0",
        "tiff": "^7.1.0"
      }
    },
    "node_modules/fast-png": {
      "version": "8.0.0",
      "resolved": "https://registry.npmjs.org/fast-png/-/fast-png-8.0.0.tgz",
      "integrity": "sha512-gCysNasJ8KEMgfdYIKd/wTDo6ENK1PWT0RJO7O+0pgmuHPw2O6tA1WvdxFRJoLf9V8yFYpG0FA1YgI8X97OhJA==",
      "license": "MIT",
      "dependencies": {
        "fflate": "^0.8.2",
        "iobuffer": "^6.0.1"
      }
    },
    "node_modules/fflate": {
      "version": "0.8.3",
      "resolved": "https://registry.npmjs.org/fflate/-/fflate-0.8.3.tgz",
      "integrity": "sha512-tbZNuJrLwGUp3zshBtdy4W+ORxZuIh8a5ilyIEQDC5rY1f3U20JMry0Ll3WBzU58EZKsEuJFXhb5gwv8CsPvgA==",
      "license": "MIT"
    },
    "node_modules/fft.js": {
      "version": "4.0.4",
      "resolved": "https://registry.npmjs.org/fft.js/-/fft.js-4.0.4.tgz",
      "integrity": "sha512-f9c00hphOgeQTlDyavwTtu6RiK8AIFjD6+jvXkNkpeQ7rirK3uFWVpalkoS4LAwbdX7mfZ8aoBfFVQX1Re/8aw==",
      "license": "MIT"
    },
    "node_modules/file-type": {
      "version": "10.11.0",
      "resolved": "https://registry.npmjs.org/file-type/-/file-type-10.11.0.tgz",
      "integrity": "sha512-uzk64HRpUZyTGZtVuvrjP0FYxzQrBf4rojot6J65YMEbwBLB0CWm0CLojVpwpmFmxcE/lkvYICgfcGozbBq6rw==",
      "license": "MIT",
      "engines": {
        "node": ">=6"
      }
    },
    "node_modules/follow-redirects": {
      "version": "1.16.0",
      "resolved": "https://registry.npmjs.org/follow-redirects/-/follow-redirects-1.16.0.tgz",
      "integrity": "sha512-y5rN/uOsadFT/JfYwhxRS5R7Qce+g3zG97+JrtFZlC9klX/W5hD7iiLzScI4nZqUS7DNUdhPgw4xI8W2LuXlUw==",
      "funding": [
        {
          "type": "individual",
          "url": "https://github.com/sponsors/RubenVerborgh"
        }
      ],
      "license": "MIT",
      "optional": true,
      "engines": {
        "node": ">=4.0"
      },
      "peerDependenciesMeta": {
        "debug": {
          "optional": true
        }
      }
    },
    "node_modules/fs-extra": {
      "version": "11.4.0",
      "resolved": "https://registry.npmjs.org/fs-extra/-/fs-extra-11.4.0.tgz",
      "integrity": "sha512-EQsFzMUJkCKGr1ePqlYADkIUmHW1s3ZXr5Yqy6wbGrfUCphpl2maM/kyOIRA2HpP3AaFQTZXD4ldjek+nccddA==",
      "license": "MIT",
      "dependencies": {
        "graceful-fs": "^4.2.0",
        "jsonfile": "^6.0.1",
        "universalify": "^2.0.0"
      },
      "engines": {
        "node": ">=14.14"
      }
    },
    "node_modules/graceful-fs": {
      "version": "4.2.11",
      "resolved": "https://registry.npmjs.org/graceful-fs/-/graceful-fs-4.2.11.tgz",
      "integrity": "sha512-RbJ5/jmFcNNCcDV5o9eTnBLJ/HszWV0P73bc+Ff4nS/rJj+YaS6IGyiOL0VoBYX+l1Wrl3k63h/KrH+nhJ0XvQ==",
      "license": "ISC"
    },
    "node_modules/https-proxy-agent": {
      "version": "7.0.6",
      "resolved": "https://registry.npmjs.org/https-proxy-agent/-/https-proxy-agent-7.0.6.tgz",
      "integrity": "sha512-vK9P5/iUfdl95AI+JVyUuIcVtd4ofvtrOr3HNtM2yxC9bnMbEdp3x01OhQNnjb8IJYi38VlTE3mBXwcfvywuSw==",
      "license": "MIT",
      "optional": true,
      "dependencies": {
        "agent-base": "^7.1.2",
        "debug": "4"
      },
      "engines": {
        "node": ">= 14"
      }
    },
    "node_modules/image-js": {
      "version": "1.7.0",
      "resolved": "https://registry.npmjs.org/image-js/-/image-js-1.7.0.tgz",
      "integrity": "sha512-/i72uwbYaSetVaLYPi3lHqr71/4O5RqWkEq4h/p5DM3FR0SSe5Jj57u6xk6sMVOurDBmTrvbm+FeinKnqLwIMA==",
      "license": "MIT",
      "dependencies": {
        "bresenham-zingl": "^0.2.5",
        "colord": "^2.9.3",
        "fast-bmp": "^4.0.1",
        "fast-jpeg": "^3.0.1",
        "fast-png": "^8.0.0",
        "image-type": "^4.1.0",
        "jpeg-js": "^0.4.4",
        "js-priority-queue": "^0.1.5",
        "median-quickselect": "^1.0.1",
        "ml-affine-transform": "^1.0.3",
        "ml-convolution": "^2.0.0",
        "ml-matrix": "^6.12.1",
        "ml-ransac": "^1.0.0",
        "ml-regression-multivariate-linear": "^2.0.4",
        "ml-regression-polynomial-2d": "^1.0.0",
        "ml-spectra-processing": "^14.18.2",
        "robust-point-in-polygon": "^1.0.3",
        "ssim.js": "^3.5.0",
        "tiff": "^7.1.3",
        "ts-pattern": "^5.9.0",
        "uint8-base64": "^1.0.0"
      },
      "optionalDependencies": {
        "skia-canvas": "^3.0.8"
      }
    },
    "node_modules/image-type": {
      "version": "4.1.0",
      "resolved": "https://registry.npmjs.org/image-type/-/image-type-4.1.0.tgz",
      "integrity": "sha512-CFJMJ8QK8lJvRlTCEgarL4ro6hfDQKif2HjSvYCdQZESaIPV4v9imrf7BQHK+sQeTeNeMpWciR9hyC/g8ybXEg==",
      "license": "MIT",
      "dependencies": {
        "file-type": "^10.10.0"
      },
      "engines": {
        "node": ">=6"
      }
    },
    "node_modules/iobuffer": {
      "version": "6.0.1",
      "resolved": "https://registry.npmjs.org/iobuffer/-/iobuffer-6.0.1.tgz",
      "integrity": "sha512-SZWYkWNfjIXIBYSDpXDYIgshqtbOPsi4lviawAEceR1Kqk+sHDlcQjWrzNQsii80AyBY0q5c8HCTNjqo74ul+Q==",
      "license": "MIT"
    },
    "node_modules/is-any-array": {
      "version": "3.0.0",
      "resolved": "https://registry.npmjs.org/is-any-array/-/is-any-array-3.0.0.tgz",
      "integrity": "sha512-o4h+tylWykC4BD1vaejp6gDxoM13bwW8FGuNs4yIKpj8xbBJcRxJx8vZpq0dCr7ZDEfeKjmsi/euolKhX6f/ww==",
      "license": "MIT"
    },
    "node_modules/jpeg-js": {
      "version": "0.4.4",
      "resolved": "https://registry.npmjs.org/jpeg-js/-/jpeg-js-0.4.4.tgz",
      "integrity": "sha512-WZzeDOEtTOBK4Mdsar0IqEU5sMr3vSV2RqkAIzUEV2BHnUfKGyswWFPFwK5EeDo93K3FohSHbLAjj0s1Wzd+dg==",
      "license": "BSD-3-Clause"
    },
    "node_modules/js-priority-queue": {
      "version": "0.1.5",
      "resolved": "https://registry.npmjs.org/js-priority-queue/-/js-priority-queue-0.1.5.tgz",
      "integrity": "sha512-2dPmJT4GbXUpob7AZDR1wFMKz3Biy6oW69mwt5PTtdeoOgDin1i0p5gUV9k0LFeUxDpwkfr+JGMZDpcprjiY5w==",
      "license": "Public Domain"
    },
    "node_modules/jsonfile": {
      "version": "6.2.1",
      "resolved": "https://registry.npmjs.org/jsonfile/-/jsonfile-6.2.1.tgz",
      "integrity": "sha512-zwOTdL3rFQ/lRdBnntKVOX6k5cKJwEc1HdilT71BWEu7J41gXIB2MRp+vxduPSwZJPWBxEzv4yH1wYLJGUHX4Q==",
      "license": "MIT",
      "dependencies": {
        "universalify": "^2.0.0"
      },
      "optionalDependencies": {
        "graceful-fs": "^4.1.6"
      }
    },
    "node_modules/median-quickselect": {
      "version": "1.0.1",
      "resolved": "https://registry.npmjs.org/median-quickselect/-/median-quickselect-1.0.1.tgz",
      "integrity": "sha512-/QL9ptNuLsdA68qO+2o10TKCyu621zwwTFdLvtu8rzRNKsn8zvuGoq/vDxECPyELFG8wu+BpyoMR9BnsJqfVZQ==",
      "license": "ISC"
    },
    "node_modules/ml-affine-transform": {
      "version": "1.0.3",
      "resolved": "https://registry.npmjs.org/ml-affine-transform/-/ml-affine-transform-1.0.3.tgz",
      "integrity": "sha512-uv13li9HOGuMdSKL+QEdaV25emO9kt17LzGCD+FLQrBsrU8p/r/3kS/GJ7xI+f3/aWghkBK733x0yBG6EwKFJA==",
      "license": "MIT",
      "dependencies": {
        "ml-matrix": "^6.10.4"
      }
    },
    "node_modules/ml-array-max": {
      "version": "2.0.0",
      "resolved": "https://registry.npmjs.org/ml-array-max/-/ml-array-max-2.0.0.tgz",
      "integrity": "sha512-QQZ4kENwpWmyNb98UXRDFXrmtIXuXtt1+bSbda/2KA85+F+rrJP8hZk6QOkCQXM2Th9mUDYdq/PNByPdT9ID4A==",
      "license": "MIT",
      "dependencies": {
        "is-any-array": "^3.0.0"
      }
    },
    "node_modules/ml-array-median": {
      "version": "1.1.6",
      "resolved": "https://registry.npmjs.org/ml-array-median/-/ml-array-median-1.1.6.tgz",
      "integrity": "sha512-V6bV6bTPFRX8v5CaAx/7fuRXC39LLTHfPSVZZafdNaqNz2PFL5zEA7gesjv8dMXh+gwPeUMtB5QPovlTBaa4sw==",
      "license": "MIT",
      "dependencies": {
        "is-any-array": "^2.0.0",
        "median-quickselect": "^1.0.1"
      }
    },
    "node_modules/ml-array-median/node_modules/is-any-array": {
      "version": "2.0.1",
      "resolved": "https://registry.npmjs.org/is-any-array/-/is-any-array-2.0.1.tgz",
      "integrity": "sha512-UtilS7hLRu++wb/WBAw9bNuP1Eg04Ivn1vERJck8zJthEvXCBEBpGR/33u/xLKWEQf95803oalHrVDptcAvFdQ==",
      "license": "MIT"
    },
    "node_modules/ml-array-min": {
      "version": "2.0.0",
      "resolved": "https://registry.npmjs.org/ml-array-min/-/ml-array-min-2.0.0.tgz",
      "integrity": "sha512-GRj6Ky6sW9vGL6yIjgsHmXZ9YgrdmcQ8nCxPqEGeKc6dkfYg1XDYxGFxADUjNuZyoCd5PUscWAS4N+cFaX6hFg==",
      "license": "MIT",
      "dependencies": {
        "is-any-array": "^3.0.0"
      }
    },
    "node_modules/ml-array-rescale": {
      "version": "2.0.0",
      "resolved": "https://registry.npmjs.org/ml-array-rescale/-/ml-array-rescale-2.0.0.tgz",
      "integrity": "sha512-2GGtKfSno94/kIloWGvpp/U5Q5vLvLrza+SAaGsLeo6Xj4mEbA6Gqx+oTfZFkxnd1grT2X007HfJNs3T5BsiVg==",
      "license": "MIT",
      "dependencies": {
        "is-any-array": "^3.0.0",
        "ml-array-max": "^2.0.0",
        "ml-array-min": "^2.0.0"
      }
    },
    "node_modules/ml-convolution": {
      "version": "2.0.0",
      "resolved": "https://registry.npmjs.org/ml-convolution/-/ml-convolution-2.0.0.tgz",
      "integrity": "sha512-ExW6zVmN2YGuyO3aBiS1ymybme3nVgv2ccCfynSdgtW5sNp4DOHnfow4K/ErTDMQ1s9tINjv7kvzjnVhQHXJBA==",
      "license": "MIT",
      "dependencies": {
        "fft.js": "^4.0.3",
        "next-power-of-two": "^1.0.0"
      }
    },
    "node_modules/ml-matrix": {
      "version": "6.15.0",
      "resolved": "https://registry.npmjs.org/ml-matrix/-/ml-matrix-6.15.0.tgz",
      "integrity": "sha512-wFa1v6KP8bKp+fj0nYmRs1Pb5K4zRkXGKsOvLinvILENFIADncm4XlOI+S1M7yuACMGfI6cfk0IifDgd4j5xmw==",
      "license": "MIT",
      "dependencies": {
        "is-any-array": "^3.0.0",
        "ml-array-rescale": "^2.0.0"
      }
    },
    "node_modules/ml-random": {
      "version": "0.5.0",
      "resolved": "https://registry.npmjs.org/ml-random/-/ml-random-0.5.0.tgz",
      "integrity": "sha512-zLJBmNb34LOz+vN6BD8l3aYm/VWYWbmAunrLMPs4dHf4gTl8BWlhil72j56HubPg86zrXioIs4qoHq7Topy6tw==",
      "license": "MIT",
      "dependencies": {
        "ml-xsadd": "^2.0.0"
      }
    },
    "node_modules/ml-ransac": {
      "version": "1.0.0",
      "resolved": "https://registry.npmjs.org/ml-ransac/-/ml-ransac-1.0.0.tgz",
      "integrity": "sha512-fGi45s7T5+BEqdb5JqZC699w2riy6j0tzuZ2ZP63xavRa/yVKQIbUbj4XiE4XMr9T7HSiq1D9y0uybiyikDPvA==",
      "license": "MIT",
      "dependencies": {
        "ml-array-median": "^1.1.6",
        "ml-matrix": "^6.10.4",
        "ml-random": "^0.5.0"
      }
    },
    "node_modules/ml-regression-base": {
      "version": "4.0.1",
      "resolved": "https://registry.npmjs.org/ml-regression-base/-/ml-regression-base-4.0.1.tgz",
      "integrity": "sha512-kYJWRIfB88JDUN+QWBsOlI0dP5tMo/XPxqVU0Xjn6B0rfzPptUnON9xPNnMVEm43DkM621j9v6+Ln9vCk3N93A==",
      "license": "MIT",
      "dependencies": {
        "cheminfo-types": "^1.15.0",
        "is-any-array": "^3.0.0"
      }
    },
    "node_modules/ml-regression-multivariate-linear": {
      "version": "2.0.4",
      "resolved": "https://registry.npmjs.org/ml-regression-multivariate-linear/-/ml-regression-multivariate-linear-2.0.4.tgz",
      "integrity": "sha512-/vShPAlP+mB7P2mC5TuXwObSJNl/UBI71/bszt9ilTg6yLKy6btDLpAYyJNa6t+JnL5a7q+Yy4dCltfpvqXRIw==",
      "license": "MIT",
      "dependencies": {
        "ml-matrix": "^6.10.1"
      }
    },
    "node_modules/ml-regression-polynomial-2d": {
      "version": "1.0.0",
      "resolved": "https://registry.npmjs.org/ml-regression-polynomial-2d/-/ml-regression-polynomial-2d-1.0.0.tgz",
      "integrity": "sha512-r34kaawZKMwjORIdzpa/o5fnjlTXkkaLJ3B4vvFNeKlvEGPtApqFxbDRmw07e2CjUH2MhGIChpMeXp/XB3Iogg==",
      "license": "MIT",
      "dependencies": {
        "cheminfo-types": "^1.7.3",
        "is-any-array": "^2.0.1",
        "ml-matrix": "^6.11.0",
        "ml-regression-base": "^4.0.0"
      }
    },
    "node_modules/ml-regression-polynomial-2d/node_modules/is-any-array": {
      "version": "2.0.1",
      "resolved": "https://registry.npmjs.org/is-any-array/-/is-any-array-2.0.1.tgz",
      "integrity": "sha512-UtilS7hLRu++wb/WBAw9bNuP1Eg04Ivn1vERJck8zJthEvXCBEBpGR/33u/xLKWEQf95803oalHrVDptcAvFdQ==",
      "license": "MIT"
    },
    "node_modules/ml-spectra-processing": {
      "version": "14.34.0",
      "resolved": "https://registry.npmjs.org/ml-spectra-processing/-/ml-spectra-processing-14.34.0.tgz",
      "integrity": "sha512-sNM3nOg7s4tyinRnU5FyYZFV//cPHMvjwfxQvFh3GyrvWNuZmPIZTPS+kiT/SPXMymxA4+qx8oFSZ9K03clGyQ==",
      "license": "MIT",
      "dependencies": {
        "binary-search": "^1.3.6",
        "cheminfo-types": "^1.15.0",
        "fft.js": "^4.0.4",
        "is-any-array": "^3.0.0",
        "ml-matrix": "^6.14.0",
        "ml-xsadd": "^3.0.1"
      }
    },
    "node_modules/ml-spectra-processing/node_modules/ml-xsadd": {
      "version": "3.0.1",
      "resolved": "https://registry.npmjs.org/ml-xsadd/-/ml-xsadd-3.0.1.tgz",
      "integrity": "sha512-Fz2q6dwgzGM8wYKGArTUTZDGa4lQFA2Vi6orjGeTVRy22ZnQFKlJuwS9n8NRviqz1KHAHAzdKJwbnYhdo38uYg==",
      "license": "MIT"
    },
    "node_modules/ml-xsadd": {
      "version": "2.0.0",
      "resolved": "https://registry.npmjs.org/ml-xsadd/-/ml-xsadd-2.0.0.tgz",
      "integrity": "sha512-VoAYUqmPRmzKbbqRejjqceGFp3VF81Qe8XXFGU0UXLxB7Mf4GGvyGq5Qn3k4AiQgDEV6WzobqlPOd+j0+m6IrA==",
      "license": "MIT"
    },
    "node_modules/ms": {
      "version": "2.1.3",
      "resolved": "https://registry.npmjs.org/ms/-/ms-2.1.3.tgz",
      "integrity": "sha512-6FlzubTLZG3J2a/NVCAleEhjzq5oxgHyaCU9yYXvcLsvoVaHJq/s5xXI6/XXP6tz7R9xAOtHnSO/tXtF3WRTlA==",
      "license": "MIT",
      "optional": true
    },
    "node_modules/next-power-of-two": {
      "version": "1.0.0",
      "resolved": "https://registry.npmjs.org/next-power-of-two/-/next-power-of-two-1.0.0.tgz",
      "integrity": "sha512-+z6QY1SxkDk6CQJAeaIZKmcNubBCRP7J8DMQUBglz/sSkNsZoJ1kULjqk9skNPPplzs4i9PFhYrvNDdtQleF/A==",
      "license": "MIT"
    },
    "node_modules/pako": {
      "version": "1.0.11",
      "resolved": "https://registry.npmjs.org/pako/-/pako-1.0.11.tgz",
      "integrity": "sha512-4hLB8Py4zZce5s4yd9XzopqwVv/yGNhV1Bl8NTmCq1763HeK2+EwVTv+leGeL13Dnh2wfbqowVPXCIO0z4taYw==",
      "license": "(MIT AND Zlib)"
    },
    "node_modules/parenthesis": {
      "version": "3.1.8",
      "resolved": "https://registry.npmjs.org/parenthesis/-/parenthesis-3.1.8.tgz",
      "integrity": "sha512-KF/U8tk54BgQewkJPvB4s/US3VQY68BRDpH638+7O/n58TpnwiwnOtGIOsT2/i+M78s61BBpeC83STB88d8sqw==",
      "license": "MIT",
      "optional": true
    },
    "node_modules/pdf-lib": {
      "version": "1.17.1",
      "resolved": "https://registry.npmjs.org/pdf-lib/-/pdf-lib-1.17.1.tgz",
      "integrity": "sha512-V/mpyJAoTsN4cnP31vc0wfNA1+p20evqqnap0KLoRUN0Yk/p3wN52DOEsL4oBFcLdb76hlpKPtzJIgo67j/XLw==",
      "license": "MIT",
      "dependencies": {
        "@pdf-lib/standard-fonts": "^1.0.0",
        "@pdf-lib/upng": "^1.0.1",
        "pako": "^1.0.11",
        "tslib": "^1.11.1"
      }
    },
    "node_modules/robust-orientation": {
      "version": "1.2.1",
      "resolved": "https://registry.npmjs.org/robust-orientation/-/robust-orientation-1.2.1.tgz",
      "integrity": "sha512-FuTptgKwY6iNuU15nrIJDLjXzCChWB+T4AvksRtwPS/WZ3HuP1CElCm1t+OBfgQKfWbtZIawip+61k7+buRKAg==",
      "license": "MIT",
      "dependencies": {
        "robust-scale": "^1.0.2",
        "robust-subtract": "^1.0.0",
        "robust-sum": "^1.0.0",
        "two-product": "^1.0.2"
      }
    },
    "node_modules/robust-point-in-polygon": {
      "version": "1.0.3",
      "resolved": "https://registry.npmjs.org/robust-point-in-polygon/-/robust-point-in-polygon-1.0.3.tgz",
      "integrity": "sha512-pPzz7AevOOcPYnFv4Vs5L0C7BKOq6C/TfAw5EUE58CylbjGiPyMjAnPLzzSuPZ2zftUGwWbmLWPOjPOz61tAcA==",
      "license": "MIT",
      "dependencies": {
        "robust-orientation": "^1.0.2"
      }
    },
    "node_modules/robust-scale": {
      "version": "1.0.2",
      "resolved": "https://registry.npmjs.org/robust-scale/-/robust-scale-1.0.2.tgz",
      "integrity": "sha512-jBR91a/vomMAzazwpsPTPeuTPPmWBacwA+WYGNKcRGSh6xweuQ2ZbjRZ4v792/bZOhRKXRiQH0F48AvuajY0tQ==",
      "license": "MIT",
      "dependencies": {
        "two-product": "^1.0.2",
        "two-sum": "^1.0.0"
      }
    },
    "node_modules/robust-subtract": {
      "version": "1.0.0",
      "resolved": "https://registry.npmjs.org/robust-subtract/-/robust-subtract-1.0.0.tgz",
      "integrity": "sha512-xhKUno+Rl+trmxAIVwjQMiVdpF5llxytozXJOdoT4eTIqmqsndQqFb1A0oiW3sZGlhMRhOi6pAD4MF1YYW6o/A==",
      "license": "MIT"
    },
    "node_modules/robust-sum": {
      "version": "1.0.0",
      "resolved": "https://registry.npmjs.org/robust-sum/-/robust-sum-1.0.0.tgz",
      "integrity": "sha512-AvLExwpaqUqD1uwLU6MwzzfRdaI6VEZsyvQ3IAQ0ZJ08v1H+DTyqskrf2ZJyh0BDduFVLN7H04Zmc+qTiahhAw==",
      "license": "MIT"
    },
    "node_modules/skia-canvas": {
      "version": "3.0.8",
      "resolved": "https://registry.npmjs.org/skia-canvas/-/skia-canvas-3.0.8.tgz",
      "integrity": "sha512-FSYKxp8Ng2vOeeOBiyPhnn6ui6FirPJXMyjk4PKl8N/OWzVrkMawUgY9zubIWHMdYtyWFn0gfX3QlRwg6HBmdg==",
      "hasInstallScript": true,
      "license": "MIT",
      "optional": true,
      "dependencies": {
        "detect-libc": "^2.1.1",
        "follow-redirects": "^1.15.11",
        "https-proxy-agent": "^7.0.6",
        "string-split-by": "^1.0.0"
      }
    },
    "node_modules/sql.js": {
      "version": "1.14.2",
      "resolved": "https://registry.npmjs.org/sql.js/-/sql.js-1.14.2.tgz",
      "integrity": "sha512-3ZGPovObMFrdw79zrUHbfdE/DLIsy8jdNdssmMSQuRAymedU6q84asPt0kgiqrdMYlPegDItiIMfmIXzZnYFcw==",
      "license": "MIT"
    },
    "node_modules/ssim.js": {
      "version": "3.5.0",
      "resolved": "https://registry.npmjs.org/ssim.js/-/ssim.js-3.5.0.tgz",
      "integrity": "sha512-Aj6Jl2z6oDmgYFFbQqK7fght19bXdOxY7Tj03nF+03M9gCBAjeIiO8/PlEGMfKDwYpw4q6iBqVq2YuREorGg/g==",
      "license": "MIT"
    },
    "node_modules/string-split-by": {
      "version": "1.0.0",
      "resolved": "https://registry.npmjs.org/string-split-by/-/string-split-by-1.0.0.tgz",
      "integrity": "sha512-KaJKY+hfpzNyet/emP81PJA9hTVSfxNLS9SFTWxdCnnW1/zOOwiV248+EfoX7IQFcBaOp4G5YE6xTJMF+pLg6A==",
      "license": "MIT",
      "optional": true,
      "dependencies": {
        "parenthesis": "^3.1.5"
      }
    },
    "node_modules/supernote-typescript": {
      "version": "0.7.1",
      "resolved": "https://registry.npmjs.org/supernote-typescript/-/supernote-typescript-0.7.1.tgz",
      "integrity": "sha512-0rDUBf5h+8cJm6Cqb/O9fpD62/Kg10i49XxgwjCMnWma/eR+yKO0NYDz6ejfKQa3U6bOD4eUHXC7g4KESQIpDA==",
      "license": "GPL-3.0-or-later",
      "dependencies": {
        "@pdf-lib/fontkit": "^1.1.1",
        "color": "^5.0.3",
        "fs-extra": "^11.4.0",
        "image-js": "^1.7.0",
        "pdf-lib": "^1.17.1",
        "sql.js": "^1.14.1"
      }
    },
    "node_modules/tiff": {
      "version": "7.1.3",
      "resolved": "https://registry.npmjs.org/tiff/-/tiff-7.1.3.tgz",
      "integrity": "sha512-YEEq3fT++2pdta/9P/vGG4QRMdZQoe6W6JNaWnIi6NvAsbeNITwFCtmWwL/BZvOi+uo2I3ohyOkD3sZfme+c6g==",
      "license": "MIT",
      "dependencies": {
        "fflate": "^0.8.2",
        "iobuffer": "^6.0.0"
      }
    },
    "node_modules/ts-pattern": {
      "version": "5.9.0",
      "resolved": "https://registry.npmjs.org/ts-pattern/-/ts-pattern-5.9.0.tgz",
      "integrity": "sha512-6s5V71mX8qBUmlgbrfL33xDUwO0fq48rxAu2LBE11WBeGdpCPOsXksQbZJHvHwhrd3QjUusd3mAOM5Gg0mFBLg==",
      "license": "MIT"
    },
    "node_modules/tslib": {
      "version": "1.14.1",
      "resolved": "https://registry.npmjs.org/tslib/-/tslib-1.14.1.tgz",
      "integrity": "sha512-Xni35NKzjgMrwevysHTCArtLDpPvye8zV/0E4EyYn43P7/7qvQwPh9BGkHewbMulVntbigmcT7rdX3BNo9wRJg==",
      "license": "0BSD"
    },
    "node_modules/two-product": {
      "version": "1.0.2",
      "resolved": "https://registry.npmjs.org/two-product/-/two-product-1.0.2.tgz",
      "integrity": "sha512-vOyrqmeYvzjToVM08iU52OFocWT6eB/I5LUWYnxeAPGXAhAxXYU/Yr/R2uY5/5n4bvJQL9AQulIuxpIsMoT8XQ==",
      "license": "MIT"
    },
    "node_modules/two-sum": {
      "version": "1.0.0",
      "resolved": "https://registry.npmjs.org/two-sum/-/two-sum-1.0.0.tgz",
      "integrity": "sha512-phP48e8AawgsNUjEY2WvoIWqdie8PoiDZGxTDv70LDr01uX5wLEQbOgSP7Z/B6+SW5oLtbe8qaYX2fKJs3CGTw==",
      "license": "MIT"
    },
    "node_modules/uint8-base64": {
      "version": "1.0.0",
      "resolved": "https://registry.npmjs.org/uint8-base64/-/uint8-base64-1.0.0.tgz",
      "integrity": "sha512-B6ZJfEZL2FAhbIyZZ7WlQq8MPq1X1P1DUA//LsSv/vB4r+Dao5/BPoxgw2t+t1XyvoSfBkE7zI4SYsnGj7BmlQ==",
      "license": "MIT"
    },
    "node_modules/universalify": {
      "version": "2.0.1",
      "resolved": "https://registry.npmjs.org/universalify/-/universalify-2.0.1.tgz",
      "integrity": "sha512-gptHNQghINnc/vTGIk0SOFGFNXw7JVrlRUtConJRlvaw6DuX0wO5Jeko9sWrMBhh+PsYAZ7oXAiOnf/UKogyiw==",
      "license": "MIT",
      "engines": {
        "node": ">= 10.0.0"
      }
    }
  }
}
